PODS:
  - Flutter (1.0.0)
  - flutter_fgbg (0.0.1):
    - Flutter
  - flutter_file_manager_ios (0.0.1):
    - Flutter
  - fluttertoast (0.0.2):
    - Flutter
  - MMKV (2.3.0):
    - MMKVCore (~> 2.3.0)
  - mmkv_ios (2.3.0):
    - Flutter
    - FlutterMacOS
    - MMKV (< 2.4, >= 2.3.0)
  - MMKVCore (2.3.0)
  - notification_when_app_is_killed (0.0.1):
    - Flutter
  - permission_handler_apple (9.3.0):
    - Flutter
  - rust_builder (0.0.1):
    - Flutter
  - share_handler_ios (0.0.14):
    - Flutter
    - share_handler_ios/share_handler_ios_models (= 0.0.14)
    - share_handler_ios_models
  - share_handler_ios/share_handler_ios_models (0.0.14):
    - Flutter
    - share_handler_ios_models
  - share_handler_ios_models (0.0.9)

DEPENDENCIES:
  - Flutter (from `Flutter`)
  - flutter_fgbg (from `.symlinks/plugins/flutter_fgbg/ios`)
  - flutter_file_manager_ios (from `.symlinks/plugins/flutter_file_manager_ios/ios`)
  - fluttertoast (from `.symlinks/plugins/fluttertoast/ios`)
  - mmkv_ios (from `.symlinks/plugins/mmkv_ios/darwin`)
  - notification_when_app_is_killed (from `.symlinks/plugins/notification_when_app_is_killed/ios`)
  - permission_handler_apple (from `.symlinks/plugins/permission_handler_apple/ios`)
  - rust_builder (from `.symlinks/plugins/rust_builder/ios`)
  - share_handler_ios (from `.symlinks/plugins/share_handler_ios/ios`)
  - share_handler_ios_models (from `.symlinks/plugins/share_handler_ios/ios/Models`)

SPEC REPOS:
  trunk:
    - MMKV
    - MMKVCore

EXTERNAL SOURCES:
  Flutter:
    :path: Flutter
  flutter_fgbg:
    :path: ".symlinks/plugins/flutter_fgbg/ios"
  flutter_file_manager_ios:
    :path: ".symlinks/plugins/flutter_file_manager_ios/ios"
  fluttertoast:
    :path: ".symlinks/plugins/fluttertoast/ios"
  mmkv_ios:
    :path: ".symlinks/plugins/mmkv_ios/darwin"
  notification_when_app_is_killed:
    :path: ".symlinks/plugins/notification_when_app_is_killed/ios"
  permission_handler_apple:
    :path: ".symlinks/plugins/permission_handler_apple/ios"
  rust_builder:
    :path: ".symlinks/plugins/rust_builder/ios"
  share_handler_ios:
    :path: ".symlinks/plugins/share_handler_ios/ios"
  share_handler_ios_models:
    :path: ".symlinks/plugins/share_handler_ios/ios/Models"

SPEC CHECKSUMS:
  Flutter: cabc95a1d2626b1b06e7179b784ebcf0c0cde467
  flutter_fgbg: d3da78df78454b1808f0829a5da9cd17dfe16444
  flutter_file_manager_ios: 799b040e45c8d2ed1226440f630ca69b65547e66
  fluttertoast: 2c67e14dce98bbdb200df9e1acf610d7a6264ea1
  MMKV: c953dbaac0da392c24b005e763c03ce2638b4ed7
  mmkv_ios: b8849045b0f19a88abd6302378b84543a1c1e1dc
  MMKVCore: d078dce7d6586a888b2c2ef5343b6242678e3ee8
  notification_when_app_is_killed: d11c6b91df3fc39bb18eeb878ad435cf8fc0e4c7
  permission_handler_apple: 4ed2196e43d0651e8ff7ca3483a069d469701f2d
  rust_builder: 194a3570397816870f03d56d7916e8948f241859
  share_handler_ios: e2244e990f826b2c8eaa291ac3831569438ba0fb
  share_handler_ios_models: fc638c9b4330dc7f082586c92aee9dfa0b87b871

PODFILE CHECKSUM: 0ae1cd78c1db052787146208cc4167724a3b1c37

COCOAPODS: 1.16.2
