{
  "pins" : [
    {
      "identity" : "mmkv",
      "kind" : "remoteSourceControl",
      "location" : "https://github.com/Tencent/MMKV.git",
      "state" : {
        "revision" : "ad7657ef9d120dbcdd7432d75aa6c59391149b22",
        "version" : "2.4.2"
      }
    },
    {
      "identity" : "swift-collections",
      "kind" : "remoteSourceControl",
      "location" : "https://github.com/apple/swift-collections.git",
      "state" : {
        "revision" : "a0cb0954ecb21e4e31b0070e6ed5674e8556685a",
        "version" : "1.6.0"
      }
    }
  ],
  "version" : 2
}
