{
  "CHH7867_XIAN_HANGZHOU": "5073efe9155fa9f698f2a40020d8e27019769b4a705c7f97799df6d6b0e1933b",
  "CSN3281_TwoPoint": "7a9f1c9d62933a33775288612d63170c11745b61354897c893060342702f2866",
  "interpolate": "3652c16fc3ba1d2abed02886381866374213bb0e1a8913e75917bacdad8e54dc",
  "interpolatecross180": "1bb4403478a51d3f03d4b9786100f8cc329d17953914804c21296fee4efb25d7",
  "tokyo_hawaii": "9f1e72d8ebb371489051c242c76ae4e249bcabff0c16d9c1ed94abe6734a1e20",
  "tokyo_hawaii2": "036f085b9918a6be4e666defee0e201c27c9909f948c4f6484446b4b9adf46f6"
}