{
  "CHH7867_XIAN_HANGZHOU": "5d122139a7ebbafa8e63bd0bde3c04ea9b44dcb7d1a47f0603b4326c694f348f",
  "CSN3281_TwoPoint": "7a9f1c9d62933a33775288612d63170c11745b61354897c893060342702f2866",
  "interpolate": "c0e26dde4b68062c83a5fd732f8b92444f7c169896294dad0a167681ff05c626",
  "interpolatecross180": "b505f73eee785f4384ccb888bbec4575889219fe939f7cd9b71d93381fcf18f1",
  "tokyo_hawaii": "344ccdd248a2fc7e398008e65aba45debd4551181fc98c14dcb21666071c1777",
  "tokyo_hawaii2": "3462ab0f43d455c569bb397b8ee7050a1a13ccb16908312f286dc690cd84124a"
}