{
  "CHH7867_XIAN_HANGZHOU": "5073efe9155fa9f698f2a40020d8e27019769b4a705c7f97799df6d6b0e1933b",
  "TV9882-3bf27ed6": "64b35782268f7e2b80f70548c0b4590f532e50d54f8d50f2f0c61c78daa27465",
  "interpolate_cross_180": "1bb4403478a51d3f03d4b9786100f8cc329d17953914804c21296fee4efb25d7",
  "tokyo_hawaii": "9f1e72d8ebb371489051c242c76ae4e249bcabff0c16d9c1ed94abe6734a1e20"
}