{
  "end_to_end_basic_0": "2e7e353be8a72864dd53e73f0839ea5bd54136603cf6cfadbf5f9929b641151e",
  "end_to_end_basic_1": "e43bb76af6ac69daf881625b0a3a557a79d4d791c6512807104f63976c4da1ba",
  "journey_bitmap_add_line_cross_antimeridian": "de3e6516a141155a9e0befb592da33beaa37d3abec30e24666fe98109b91a567",
  "journey_bitmap_merge_with_render": "0a8402ab68a8e24ad08061cfed455b0ac781c25f53dbe77850f97658984b83a2",
  "map_renderer_basic": "d124d8e2a56dd15920b726ffc6f6f79be13118fa0a10ed2f2cc9a6cd0bd6615f"
}