{
  "end_to_end_basic_0": "2e7e353be8a72864dd53e73f0839ea5bd54136603cf6cfadbf5f9929b641151e",
  "end_to_end_basic_1": "e43bb76af6ac69daf881625b0a3a557a79d4d791c6512807104f63976c4da1ba",
  "journey_bitmap_add_line_cross_antimeridian": "b4cce5f9816981fbf806daba516eee603210bff6dd0682d07afc685c3a5122c2",
  "journey_bitmap_basic": "de27b0f23d04d4dec4d972e56e13b77cd283a02acbed6be0238ec65b1c280139",
  "journey_bitmap_merge_with_render": "0a8402ab68a8e24ad08061cfed455b0ac781c25f53dbe77850f97658984b83a2",
  "journey_bitmap_vector_to_bitmap_laojunshan": "8651a7d51f1f7710a6f6cbf961ebad6664768e5bfbe7101471439eaa71597ccb",
  "journey_bitmap_vector_to_bitmap_nelson_to_wharariki_beach": "dd1c1dbbc7d31244ed86dab75faa5d4036f3084b0545bf36dcba639ff6fb15e5",
  "journey_bitmap_vector_to_bitmap_shenzhen_stationary": "efed7e266f45f79ec37fde62c0e7467c07f916f5f2e222a50a77e71c5eefabaa",
  "map_renderer_basic": "d124d8e2a56dd15920b726ffc6f6f79be13118fa0a10ed2f2cc9a6cd0bd6615f"
}